// !$*UTF8*$!
{
	archiveVersion = 1;
	classes = {
	};
	objectVersion = 51;
	objects = {

/* Begin PBXBuildFile section */
		3C60EFCC266E0030000B650D /* AppDelegate.swift in Sources */ = {isa = PBXBuildFile; fileRef = 3C60EFCB266E0030000B650D /* AppDelegate.swift */; };
		3C60EFCE266E0030000B650D /* SceneDelegate.swift in Sources */ = {isa = PBXBuildFile; fileRef = 3C60EFCD266E0030000B650D /* SceneDelegate.swift */; };
		3C60EFD0266E0030000B650D /* ViewController.swift in Sources */ = {isa = PBXBuildFile; fileRef = 3C60EFCF266E0030000B650D /* ViewController.swift */; };
		3C60EFD5266E003D000B650D /* Assets.xcassets in Resources */ = {isa = PBXBuildFile; fileRef = 3C60EFD4266E003D000B650D /* Assets.xcassets */; };
		3C60EFD8266E003D000B650D /* LaunchScreen.storyboard in Resources */ = {isa = PBXBuildFile; fileRef = 3C60EFD6266E003D000B650D /* LaunchScreen.storyboard */; };
		3C60EFE6266E18C3000B650D /* DemoTabBarController.swift in Sources */ = {isa = PBXBuildFile; fileRef = 3C60EFE5266E18C3000B650D /* DemoTabBarController.swift */; };
		3C60EFE9266E1AEF000B650D /* ViewController.storyboard in Resources */ = {isa = PBXBuildFile; fileRef = 3C60EFE8266E1AEF000B650D /* ViewController.storyboard */; };
		5FD70DBB4E5397B9F85417F3 /* Pods_NeumorphismTestApp.framework in Frameworks */ = {isa = PBXBuildFile; fileRef = 3402FAE2D0D44E536B112EF1 /* Pods_NeumorphismTestApp.framework */; };
/* End PBXBuildFile section */

/* Begin PBXFileReference section */
		2A684D8020D55F87AEF07366 /* Pods-NeumorphismTestApp.release.xcconfig */ = {isa = PBXFileReference; includeInIndex = 1; lastKnownFileType = text.xcconfig; name = "Pods-NeumorphismTestApp.release.xcconfig"; path = "Target Support Files/Pods-NeumorphismTestApp/Pods-NeumorphismTestApp.release.xcconfig"; sourceTree = "<group>"; };
		3402FAE2D0D44E536B112EF1 /* Pods_NeumorphismTestApp.framework */ = {isa = PBXFileReference; explicitFileType = wrapper.framework; includeInIndex = 0; path = Pods_NeumorphismTestApp.framework; sourceTree = BUILT_PRODUCTS_DIR; };
		3C60EFC8266E0030000B650D /* NeumorphismTestApp.app */ = {isa = PBXFileReference; explicitFileType = wrapper.application; includeInIndex = 0; path = NeumorphismTestApp.app; sourceTree = BUILT_PRODUCTS_DIR; };
		3C60EFCB266E0030000B650D /* AppDelegate.swift */ = {isa = PBXFileReference; lastKnownFileType = sourcecode.swift; path = AppDelegate.swift; sourceTree = "<group>"; };
		3C60EFCD266E0030000B650D /* SceneDelegate.swift */ = {isa = PBXFileReference; lastKnownFileType = sourcecode.swift; path = SceneDelegate.swift; sourceTree = "<group>"; };
		3C60EFCF266E0030000B650D /* ViewController.swift */ = {isa = PBXFileReference; lastKnownFileType = sourcecode.swift; path = ViewController.swift; sourceTree = "<group>"; };
		3C60EFD4266E003D000B650D /* Assets.xcassets */ = {isa = PBXFileReference; lastKnownFileType = folder.assetcatalog; path = Assets.xcassets; sourceTree = "<group>"; };
		3C60EFD7266E003D000B650D /* Base */ = {isa = PBXFileReference; lastKnownFileType = file.storyboard; name = Base; path = Base.lproj/LaunchScreen.storyboard; sourceTree = "<group>"; };
		3C60EFD9266E003D000B650D /* Info.plist */ = {isa = PBXFileReference; lastKnownFileType = text.plist.xml; path = Info.plist; sourceTree = "<group>"; };
		3C60EFE5266E18C3000B650D /* DemoTabBarController.swift */ = {isa = PBXFileReference; lastKnownFileType = sourcecode.swift; path = DemoTabBarController.swift; sourceTree = "<group>"; };
		3C60EFE8266E1AEF000B650D /* ViewController.storyboard */ = {isa = PBXFileReference; lastKnownFileType = file.storyboard; path = ViewController.storyboard; sourceTree = "<group>"; };
		B7FCE8FE11F9BA4A94F7D0D0 /* Pods-NeumorphismTestApp.debug.xcconfig */ = {isa = PBXFileReference; includeInIndex = 1; lastKnownFileType = text.xcconfig; name = "Pods-NeumorphismTestApp.debug.xcconfig"; path = "Target Support Files/Pods-NeumorphismTestApp/Pods-NeumorphismTestApp.debug.xcconfig"; sourceTree = "<group>"; };
/* End PBXFileReference section */

/* Begin PBXFrameworksBuildPhase section */
		3C60EFC5266E0030000B650D /* Frameworks */ = {
			isa = PBXFrameworksBuildPhase;
			buildActionMask = 2147483647;
			files = (
				5FD70DBB4E5397B9F85417F3 /* Pods_NeumorphismTestApp.framework in Frameworks */,
			);
			runOnlyForDeploymentPostprocessing = 0;
		};
/* End PBXFrameworksBuildPhase section */

/* Begin PBXGroup section */
		3C60EFBF266E0030000B650D = {
			isa = PBXGroup;
			children = (
				3C60EFCA266E0030000B650D /* NeumorphismTestApp */,
				3C60EFC9266E0030000B650D /* Products */,
				B2C36A3CAAC00B93B1B13ED6 /* Pods */,
				BAF524C1B739C6FFADDCFAD5 /* Frameworks */,
			);
			sourceTree = "<group>";
		};
		3C60EFC9266E0030000B650D /* Products */ = {
			isa = PBXGroup;
			children = (
				3C60EFC8266E0030000B650D /* NeumorphismTestApp.app */,
			);
			name = Products;
			sourceTree = "<group>";
		};
		3C60EFCA266E0030000B650D /* NeumorphismTestApp */ = {
			isa = PBXGroup;
			children = (
				3C60EFCB266E0030000B650D /* AppDelegate.swift */,
				3C60EFCD266E0030000B650D /* SceneDelegate.swift */,
				3C60EFCF266E0030000B650D /* ViewController.swift */,
				3C60EFE5266E18C3000B650D /* DemoTabBarController.swift */,
				3C60EFE8266E1AEF000B650D /* ViewController.storyboard */,
				3C60EFD4266E003D000B650D /* Assets.xcassets */,
				3C60EFD6266E003D000B650D /* LaunchScreen.storyboard */,
				3C60EFD9266E003D000B650D /* Info.plist */,
			);
			path = NeumorphismTestApp;
			sourceTree = "<group>";
		};
		B2C36A3CAAC00B93B1B13ED6 /* Pods */ = {
			isa = PBXGroup;
			children = (
				B7FCE8FE11F9BA4A94F7D0D0 /* Pods-NeumorphismTestApp.debug.xcconfig */,
				2A684D8020D55F87AEF07366 /* Pods-NeumorphismTestApp.release.xcconfig */,
			);
			path = Pods;
			sourceTree = "<group>";
		};
		BAF524C1B739C6FFADDCFAD5 /* Frameworks */ = {
			isa = PBXGroup;
			children = (
				3402FAE2D0D44E536B112EF1 /* Pods_NeumorphismTestApp.framework */,
			);
			name = Frameworks;
			sourceTree = "<group>";
		};
/* End PBXGroup section */

/* Begin PBXNativeTarget section */
		3C60EFC7266E0030000B650D /* NeumorphismTestApp */ = {
			isa = PBXNativeTarget;
			buildConfigurationList = 3C60EFDC266E003D000B650D /* Build configuration list for PBXNativeTarget "NeumorphismTestApp" */;
			buildPhases = (
				35C4FB92F880492292A15414 /* [CP] Check Pods Manifest.lock */,
				3C60EFC4266E0030000B650D /* Sources */,
				3C60EFC5266E0030000B650D /* Frameworks */,
				3C60EFC6266E0030000B650D /* Resources */,
				6E63E3A8703A58F9BF3A3ADE /* [CP] Embed Pods Frameworks */,
			);
			buildRules = (
			);
			dependencies = (
			);
			name = NeumorphismTestApp;
			productName = NeumorphismTestApp;
			productReference = 3C60EFC8266E0030000B650D /* NeumorphismTestApp.app */;
			productType = "com.apple.product-type.application";
		};
/* End PBXNativeTarget section */

/* Begin PBXProject section */
		3C60EFC0266E0030000B650D /* Project object */ = {
			isa = PBXProject;
			attributes = {
				LastSwiftUpdateCheck = 1240;
				LastUpgradeCheck = 1240;
				TargetAttributes = {
					3C60EFC7266E0030000B650D = {
						CreatedOnToolsVersion = 12.4;
					};
				};
			};
			buildConfigurationList = 3C60EFC3266E0030000B650D /* Build configuration list for PBXProject "NeumorphismTestApp" */;
			compatibilityVersion = "Xcode 9.3";
			developmentRegion = en;
			hasScannedForEncodings = 0;
			knownRegions = (
				en,
				Base,
			);
			mainGroup = 3C60EFBF266E0030000B650D;
			productRefGroup = 3C60EFC9266E0030000B650D /* Products */;
			projectDirPath = "";
			projectRoot = "";
			targets = (
				3C60EFC7266E0030000B650D /* NeumorphismTestApp */,
			);
		};
/* End PBXProject section */

/* Begin PBXResourcesBuildPhase section */
		3C60EFC6266E0030000B650D /* Resources */ = {
			isa = PBXResourcesBuildPhase;
			buildActionMask = 2147483647;
			files = (
				3C60EFD8266E003D000B650D /* LaunchScreen.storyboard in Resources */,
				3C60EFD5266E003D000B650D /* Assets.xcassets in Resources */,
				3C60EFE9266E1AEF000B650D /* ViewController.storyboard in Resources */,
			);
			runOnlyForDeploymentPostprocessing = 0;
		};
/* End PBXResourcesBuildPhase section */

/* Begin PBXShellScriptBuildPhase section */
		35C4FB92F880492292A15414 /* [CP] Check Pods Manifest.lock */ = {
			isa = PBXShellScriptBuildPhase;
			buildActionMask = 2147483647;
			files = (
			);
			inputFileListPaths = (
			);
			inputPaths = (
				"${PODS_PODFILE_DIR_PATH}/Podfile.lock",
				"${PODS_ROOT}/Manifest.lock",
			);
			name = "[CP] Check Pods Manifest.lock";
			outputFileListPaths = (
			);
			outputPaths = (
				"$(DERIVED_FILE_DIR)/Pods-NeumorphismTestApp-checkManifestLockResult.txt",
			);
			runOnlyForDeploymentPostprocessing = 0;
			shellPath = /bin/sh;
			shellScript = "diff \"${PODS_PODFILE_DIR_PATH}/Podfile.lock\" \"${PODS_ROOT}/Manifest.lock\" > /dev/null\nif [ $? != 0 ] ; then\n    # print error to STDERR\n    echo \"error: The sandbox is not in sync with the Podfile.lock. Run 'pod install' or update your CocoaPods installation.\" >&2\n    exit 1\nfi\n# This output is used by Xcode 'outputs' to avoid re-running this script phase.\necho \"SUCCESS\" > \"${SCRIPT_OUTPUT_FILE_0}\"\n";
			showEnvVarsInLog = 0;
		};
		6E63E3A8703A58F9BF3A3ADE /* [CP] Embed Pods Frameworks */ = {
			isa = PBXShellScriptBuildPhase;
			buildActionMask = 2147483647;
			files = (
			);
			inputFileListPaths = (
				"${PODS_ROOT}/Target Support Files/Pods-NeumorphismTestApp/Pods-NeumorphismTestApp-frameworks-${CONFIGURATION}-input-files.xcfilelist",
			);
			name = "[CP] Embed Pods Frameworks";
			outputFileListPaths = (
				"${PODS_ROOT}/Target Support Files/Pods-NeumorphismTestApp/Pods-NeumorphismTestApp-frameworks-${CONFIGURATION}-output-files.xcfilelist",
			);
			runOnlyForDeploymentPostprocessing = 0;
			shellPath = /bin/sh;
			shellScript = "\"${PODS_ROOT}/Target Support Files/Pods-NeumorphismTestApp/Pods-NeumorphismTestApp-frameworks.sh\"\n";
			showEnvVarsInLog = 0;
		};
/* End PBXShellScriptBuildPhase section */

/* Begin PBXSourcesBuildPhase section */
		3C60EFC4266E0030000B650D /* Sources */ = {
			isa = PBXSourcesBuildPhase;
			buildActionMask = 2147483647;
			files = (
				3C60EFD0266E0030000B650D /* ViewController.swift in Sources */,
				3C60EFCC266E0030000B650D /* AppDelegate.swift in Sources */,
				3C60EFE6266E18C3000B650D /* DemoTabBarController.swift in Sources */,
				3C60EFCE266E0030000B650D /* SceneDelegate.swift in Sources */,
			);
			runOnlyForDeploymentPostprocessing = 0;
		};
/* End PBXSourcesBuildPhase section */

/* Begin PBXVariantGroup section */
		3C60EFD6266E003D000B650D /* LaunchScreen.storyboard */ = {
			isa = PBXVariantGroup;
			children = (
				3C60EFD7266E003D000B650D /* Base */,
			);
			name = LaunchScreen.storyboard;
			sourceTree = "<group>";
		};
/* End PBXVariantGroup section */

/* Begin XCBuildConfiguration section */
		3C60EFDA266E003D000B650D /* Debug */ = {
			isa = XCBuildConfiguration;
			buildSettings = {
				ALWAYS_SEARCH_USER_PATHS = NO;
				CLANG_ANALYZER_NONNULL = YES;
				CLANG_ANALYZER_NUMBER_OBJECT_CONVERSION = YES_AGGRESSIVE;
				CLANG_CXX_LANGUAGE_STANDARD = "gnu++14";
				CLANG_CXX_LIBRARY = "libc++";
				CLANG_ENABLE_MODULES = YES;
				CLANG_ENABLE_OBJC_ARC = YES;
				CLANG_ENABLE_OBJC_WEAK = YES;
				CLANG_WARN_BLOCK_CAPTURE_AUTORELEASING = YES;
				CLANG_WARN_BOOL_CONVERSION = YES;
				CLANG_WARN_COMMA = YES;
				CLANG_WARN_CONSTANT_CONVERSION = YES;
				CLANG_WARN_DEPRECATED_OBJC_IMPLEMENTATIONS = YES;
				CLANG_WARN_DIRECT_OBJC_ISA_USAGE = YES_ERROR;
				CLANG_WARN_DOCUMENTATION_COMMENTS = YES;
				CLANG_WARN_EMPTY_BODY = YES;
				CLANG_WARN_ENUM_CONVERSION = YES;
				CLANG_WARN_INFINITE_RECURSION = YES;
				CLANG_WARN_INT_CONVERSION = YES;
				CLANG_WARN_NON_LITERAL_NULL_CONVERSION = YES;
				CLANG_WARN_OBJC_IMPLICIT_RETAIN_SELF = YES;
				CLANG_WARN_OBJC_LITERAL_CONVERSION = YES;
				CLANG_WARN_OBJC_ROOT_CLASS = YES_ERROR;
				CLANG_WARN_QUOTED_INCLUDE_IN_FRAMEWORK_HEADER = YES;
				CLANG_WARN_RANGE_LOOP_ANALYSIS = YES;
				CLANG_WARN_STRICT_PROTOTYPES = YES;
				CLANG_WARN_SUSPICIOUS_MOVE = YES;
				CLANG_WARN_UNGUARDED_AVAILABILITY = YES_AGGRESSIVE;
				CLANG_WARN_UNREACHABLE_CODE = YES;
				CLANG_WARN__DUPLICATE_METHOD_MATCH = YES;
				COPY_PHASE_STRIP = NO;
				DEBUG_INFORMATION_FORMAT = dwarf;
				ENABLE_STRICT_OBJC_MSGSEND = YES;
				ENABLE_TESTABILITY = YES;
				GCC_C_LANGUAGE_STANDARD = gnu11;
				GCC_DYNAMIC_NO_PIC = NO;
				GCC_NO_COMMON_BLOCKS = YES;
				GCC_OPTIMIZATION_LEVEL = 0;
				GCC_PREPROCESSOR_DEFINITIONS = (
					"DEBUG=1",
					"$(inherited)",
				);
				GCC_WARN_64_TO_32_BIT_CONVERSION = YES;
				GCC_WARN_ABOUT_RETURN_TYPE = YES_ERROR;
				GCC_WARN_UNDECLARED_SELECTOR = YES;
				GCC_WARN_UNINITIALIZED_AUTOS = YES_AGGRESSIVE;
				GCC_WARN_UNUSED_FUNCTION = YES;
				GCC_WARN_UNUSED_VARIABLE = YES;
				IPHONEOS_DEPLOYMENT_TARGET = 14.4;
				MTL_ENABLE_DEBUG_INFO = INCLUDE_SOURCE;
				MTL_FAST_MATH = YES;
				ONLY_ACTIVE_ARCH = YES;
				SDKROOT = iphoneos;
				SWIFT_ACTIVE_COMPILATION_CONDITIONS = DEBUG;
				SWIFT_OPTIMIZATION_LEVEL = "-Onone";
			};
			name = Debug;
		};
		3C60EFDB266E003D000B650D /* Release */ = {
			isa = XCBuildConfiguration;
			buildSettings = {
				ALWAYS_SEARCH_USER_PATHS = NO;
				CLANG_ANALYZER_NONNULL = YES;
				CLANG_ANALYZER_NUMBER_OBJECT_CONVERSION = YES_AGGRESSIVE;
				CLANG_CXX_LANGUAGE_STANDARD = "gnu++14";
				CLANG_CXX_LIBRARY = "libc++";
				CLANG_ENABLE_MODULES = YES;
				CLANG_ENABLE_OBJC_ARC = YES;
				CLANG_ENABLE_OBJC_WEAK = YES;
				CLANG_WARN_BLOCK_CAPTURE_AUTORELEASING = YES;
				CLANG_WARN_BOOL_CONVERSION = YES;
				CLANG_WARN_COMMA = YES;
				CLANG_WARN_CONSTANT_CONVERSION = YES;
				CLANG_WARN_DEPRECATED_OBJC_IMPLEMENTATIONS = YES;
				CLANG_WARN_DIRECT_OBJC_ISA_USAGE = YES_ERROR;
				CLANG_WARN_DOCUMENTATION_COMMENTS = YES;
				CLANG_WARN_EMPTY_BODY = YES;
				CLANG_WARN_ENUM_CONVERSION = YES;
				CLANG_WARN_INFINITE_RECURSION = YES;
				CLANG_WARN_INT_CONVERSION = YES;
				CLANG_WARN_NON_LITERAL_NULL_CONVERSION = YES;
				CLANG_WARN_OBJC_IMPLICIT_RETAIN_SELF = YES;
				CLANG_WARN_OBJC_LITERAL_CONVERSION = YES;
				CLANG_WARN_OBJC_ROOT_CLASS = YES_ERROR;
				CLANG_WARN_QUOTED_INCLUDE_IN_FRAMEWORK_HEADER = YES;
				CLANG_WARN_RANGE_LOOP_ANALYSIS = YES;
				CLANG_WARN_STRICT_PROTOTYPES = YES;
				CLANG_WARN_SUSPICIOUS_MOVE = YES;
				CLANG_WARN_UNGUARDED_AVAILABILITY = YES_AGGRESSIVE;
				CLANG_WARN_UNREACHABLE_CODE = YES;
				CLANG_WARN__DUPLICATE_METHOD_MATCH = YES;
				COPY_PHASE_STRIP = NO;
				DEBUG_INFORMATION_FORMAT = "dwarf-with-dsym";
				ENABLE_NS_ASSERTIONS = NO;
				ENABLE_STRICT_OBJC_MSGSEND = YES;
				GCC_C_LANGUAGE_STANDARD = gnu11;
				GCC_NO_COMMON_BLOCKS = YES;
				GCC_WARN_64_TO_32_BIT_CONVERSION = YES;
				GCC_WARN_ABOUT_RETURN_TYPE = YES_ERROR;
				GCC_WARN_UNDECLARED_SELECTOR = YES;
				GCC_WARN_UNINITIALIZED_AUTOS = YES_AGGRESSIVE;
				GCC_WARN_UNUSED_FUNCTION = YES;
				GCC_WARN_UNUSED_VARIABLE = YES;
				IPHONEOS_DEPLOYMENT_TARGET = 14.4;
				MTL_ENABLE_DEBUG_INFO = NO;
				MTL_FAST_MATH = YES;
				SDKROOT = iphoneos;
				SWIFT_COMPILATION_MODE = wholemodule;
				SWIFT_OPTIMIZATION_LEVEL = "-O";
				VALIDATE_PRODUCT = YES;
			};
			name = Release;
		};
		3C60EFDD266E003D000B650D /* Debug */ = {
			isa = XCBuildConfiguration;
			baseConfigurationReference = B7FCE8FE11F9BA4A94F7D0D0 /* Pods-NeumorphismTestApp.debug.xcconfig */;
			buildSettings = {
				ASSETCATALOG_COMPILER_APPICON_NAME = AppIcon;
				ASSETCATALOG_COMPILER_GLOBAL_ACCENT_COLOR_NAME = AccentColor;
				CODE_SIGN_STYLE = Automatic;
				DEVELOPMENT_TEAM = 8SV798S53Y;
				INFOPLIST_FILE = NeumorphismTestApp/Info.plist;
				LD_RUNPATH_SEARCH_PATHS = (
					"$(inherited)",
					"@executable_path/Frameworks",
				);
				PRODUCT_BUNDLE_IDENTIFIER = com.Jinapps.NeumorphismTestApp;
				PRODUCT_NAME = "$(TARGET_NAME)";
				SWIFT_VERSION = 5.0;
				TARGETED_DEVICE_FAMILY = 1;
			};
			name = Debug;
		};
		3C60EFDE266E003D000B650D /* Release */ = {
			isa = XCBuildConfiguration;
			baseConfigurationReference = 2A684D8020D55F87AEF07366 /* Pods-NeumorphismTestApp.release.xcconfig */;
			buildSettings = {
				ASSETCATALOG_COMPILER_APPICON_NAME = AppIcon;
				ASSETCATALOG_COMPILER_GLOBAL_ACCENT_COLOR_NAME = AccentColor;
				CODE_SIGN_STYLE = Automatic;
				DEVELOPMENT_TEAM = 8SV798S53Y;
				INFOPLIST_FILE = NeumorphismTestApp/Info.plist;
				LD_RUNPATH_SEARCH_PATHS = (
					"$(inherited)",
					"@executable_path/Frameworks",
				);
				PRODUCT_BUNDLE_IDENTIFIER = com.Jinapps.NeumorphismTestApp;
				PRODUCT_NAME = "$(TARGET_NAME)";
				SWIFT_VERSION = 5.0;
				TARGETED_DEVICE_FAMILY = 1;
			};
			name = Release;
		};
/* End XCBuildConfiguration section */

/* Begin XCConfigurationList section */
		3C60EFC3266E0030000B650D /* Build configuration list for PBXProject "NeumorphismTestApp" */ = {
			isa = XCConfigurationList;
			buildConfigurations = (
				3C60EFDA266E003D000B650D /* Debug */,
				3C60EFDB266E003D000B650D /* Release */,
			);
			defaultConfigurationIsVisible = 0;
			defaultConfigurationName = Release;
		};
		3C60EFDC266E003D000B650D /* Build configuration list for PBXNativeTarget "NeumorphismTestApp" */ = {
			isa = XCConfigurationList;
			buildConfigurations = (
				3C60EFDD266E003D000B650D /* Debug */,
				3C60EFDE266E003D000B650D /* Release */,
			);
			defaultConfigurationIsVisible = 0;
			defaultConfigurationName = Release;
		};
/* End XCConfigurationList section */
	};
	rootObject = 3C60EFC0266E0030000B650D /* Project object */;
}
